// !$*UTF8*$!
{
	archiveVersion = 1;
	classes = {
	};
	objectVersion = 56;
	objects = {

/* Begin PBXBuildFile section */
		8963B32A2FA5BF5E000B8140 /* SnippetsApp.swift in Sources */ = {isa = PBXBuildFile; fileRef = 8963B3292FA5BF5E000B8140 /* SnippetsApp.swift */; };
		8963B32E2FA5BF60000B8140 /* Assets.xcassets in Resources */ = {isa = PBXBuildFile; fileRef = 8963B32D2FA5BF60000B8140 /* Assets.xcassets */; };
		8963B3322FA5BF60000B8140 /* Preview Assets.xcassets in Resources */ = {isa = PBXBuildFile; fileRef = 8963B3312FA5BF60000B8140 /* Preview Assets.xcassets */; };
		8963B33C2FA5BF60000B8140 /* SnippetsTests.swift in Sources */ = {isa = PBXBuildFile; fileRef = 8963B33B2FA5BF60000B8140 /* SnippetsTests.swift */; };
		8963B3462FA5BF60000B8140 /* SnippetsUITests.swift in Sources */ = {isa = PBXBuildFile; fileRef = 8963B3452FA5BF60000B8140 /* SnippetsUITests.swift */; };
		8963B3482FA5BF60000B8140 /* SnippetsUITestsLaunchTests.swift in Sources */ = {isa = PBXBuildFile; fileRef = 8963B3472FA5BF60000B8140 /* SnippetsUITestsLaunchTests.swift */; };
		8963B3542FA5BF60000B8140 /* WelcomeView.swift in Sources */ = {isa = PBXBuildFile; fileRef = 8963B3552FA5BF60000B8140 /* WelcomeView.swift */; };
		8963B35A2FA5BF60000B8140 /* JournalCoverView.swift in Sources */ = {isa = PBXBuildFile; fileRef = 8963B35B2FA5BF60000B8140 /* JournalCoverView.swift */; };
		8963B35C2FA5BF60000B8140 /* PageLayout.swift in Sources */ = {isa = PBXBuildFile; fileRef = 8963B35D2FA5BF60000B8140 /* PageLayout.swift */; };
		8963B35E2FA5BF60000B8140 /* JournalPaperStyle.swift in Sources */ = {isa = PBXBuildFile; fileRef = 8963B35F2FA5BF60000B8140 /* JournalPaperStyle.swift */; };
		8963B3602FA5BF60000B8140 /* CanvasBookView.swift in Sources */ = {isa = PBXBuildFile; fileRef = 8963B3612FA5BF60000B8140 /* CanvasBookView.swift */; };
		8963B3672FA5BF60000B8140 /* GalleryView.swift in Sources */ = {isa = PBXBuildFile; fileRef = 8963B3682FA5BF60000B8140 /* GalleryView.swift */; };
/* End PBXBuildFile section */

/* Begin PBXContainerItemProxy section */
		8963B3382FA5BF60000B8140 /* PBXContainerItemProxy */ = {
			isa = PBXContainerItemProxy;
			containerPortal = 8963B31E2FA5BF5E000B8140 /* Project object */;
			proxyType = 1;
			remoteGlobalIDString = 8963B3252FA5BF5E000B8140;
			remoteInfo = Snippets;
		};
		8963B3422FA5BF60000B8140 /* PBXContainerItemProxy */ = {
			isa = PBXContainerItemProxy;
			containerPortal = 8963B31E2FA5BF5E000B8140 /* Project object */;
			proxyType = 1;
			remoteGlobalIDString = 8963B3252FA5BF5E000B8140;
			remoteInfo = Snippets;
		};
/* End PBXContainerItemProxy section */

/* Begin PBXFileReference section */
		8963B3262FA5BF5E000B8140 /* Snippets.app */ = {isa = PBXFileReference; explicitFileType = wrapper.application; includeInIndex = 0; path = Snippets.app; sourceTree = BUILT_PRODUCTS_DIR; };
		8963B3292FA5BF5E000B8140 /* SnippetsApp.swift */ = {isa = PBXFileReference; lastKnownFileType = sourcecode.swift; path = SnippetsApp.swift; sourceTree = "<group>"; };
		8963B32D2FA5BF60000B8140 /* Assets.xcassets */ = {isa = PBXFileReference; lastKnownFileType = folder.assetcatalog; path = Assets.xcassets; sourceTree = "<group>"; };
		8963B32F2FA5BF60000B8140 /* Snippets.entitlements */ = {isa = PBXFileReference; lastKnownFileType = text.plist.entitlements; path = Snippets.entitlements; sourceTree = "<group>"; };
		8963B3312FA5BF60000B8140 /* Preview Assets.xcassets */ = {isa = PBXFileReference; lastKnownFileType = folder.assetcatalog; path = "Preview Assets.xcassets"; sourceTree = "<group>"; };
		8963B3372FA5BF60000B8140 /* SnippetsTests.xctest */ = {isa = PBXFileReference; explicitFileType = wrapper.cfbundle; includeInIndex = 0; path = SnippetsTests.xctest; sourceTree = BUILT_PRODUCTS_DIR; };
		8963B33B2FA5BF60000B8140 /* SnippetsTests.swift */ = {isa = PBXFileReference; lastKnownFileType = sourcecode.swift; path = SnippetsTests.swift; sourceTree = "<group>"; };
		8963B3412FA5BF60000B8140 /* SnippetsUITests.xctest */ = {isa = PBXFileReference; explicitFileType = wrapper.cfbundle; includeInIndex = 0; path = SnippetsUITests.xctest; sourceTree = BUILT_PRODUCTS_DIR; };
		8963B3452FA5BF60000B8140 /* SnippetsUITests.swift */ = {isa = PBXFileReference; lastKnownFileType = sourcecode.swift; path = SnippetsUITests.swift; sourceTree = "<group>"; };
		8963B3472FA5BF60000B8140 /* SnippetsUITestsLaunchTests.swift */ = {isa = PBXFileReference; lastKnownFileType = sourcecode.swift; path = SnippetsUITestsLaunchTests.swift; sourceTree = "<group>"; };
		8963B3552FA5BF60000B8140 /* WelcomeView.swift */ = {isa = PBXFileReference; lastKnownFileType = sourcecode.swift; path = WelcomeView.swift; sourceTree = "<group>"; };
		8963B35B2FA5BF60000B8140 /* JournalCoverView.swift */ = {isa = PBXFileReference; lastKnownFileType = sourcecode.swift; path = JournalCoverView.swift; sourceTree = "<group>"; };
		8963B35D2FA5BF60000B8140 /* PageLayout.swift */ = {isa = PBXFileReference; lastKnownFileType = sourcecode.swift; path = PageLayout.swift; sourceTree = "<group>"; };
		8963B35F2FA5BF60000B8140 /* JournalPaperStyle.swift */ = {isa = PBXFileReference; lastKnownFileType = sourcecode.swift; path = JournalPaperStyle.swift; sourceTree = "<group>"; };
		8963B3612FA5BF60000B8140 /* CanvasBookView.swift */ = {isa = PBXFileReference; lastKnownFileType = sourcecode.swift; path = CanvasBookView.swift; sourceTree = "<group>"; };
		8963B3682FA5BF60000B8140 /* GalleryView.swift */ = {isa = PBXFileReference; lastKnownFileType = sourcecode.swift; path = GalleryView.swift; sourceTree = "<group>"; };
/* End PBXFileReference section */

/* Begin PBXFrameworksBuildPhase section */
		8963B3232FA5BF5E000B8140 /* Frameworks */ = {
			isa = PBXFrameworksBuildPhase;
			buildActionMask = 2147483647;
			files = (
			);
			runOnlyForDeploymentPostprocessing = 0;
		};
		8963B3342FA5BF60000B8140 /* Frameworks */ = {
			isa = PBXFrameworksBuildPhase;
			buildActionMask = 2147483647;
			files = (
			);
			runOnlyForDeploymentPostprocessing = 0;
		};
		8963B33E2FA5BF60000B8140 /* Frameworks */ = {
			isa = PBXFrameworksBuildPhase;
			buildActionMask = 2147483647;
			files = (
			);
			runOnlyForDeploymentPostprocessing = 0;
		};
/* End PBXFrameworksBuildPhase section */

/* Begin PBXGroup section */
		8963B31D2FA5BF5E000B8140 = {
			isa = PBXGroup;
			children = (
				8963B3282FA5BF5E000B8140 /* Snippets */,
				8963B33A2FA5BF60000B8140 /* SnippetsTests */,
				8963B3442FA5BF60000B8140 /* SnippetsUITests */,
				8963B3272FA5BF5E000B8140 /* Products */,
			);
			sourceTree = "<group>";
		};
		8963B3272FA5BF5E000B8140 /* Products */ = {
			isa = PBXGroup;
			children = (
				8963B3262FA5BF5E000B8140 /* Snippets.app */,
				8963B3372FA5BF60000B8140 /* SnippetsTests.xctest */,
				8963B3412FA5BF60000B8140 /* SnippetsUITests.xctest */,
			);
			name = Products;
			sourceTree = "<group>";
		};
		8963B3282FA5BF5E000B8140 /* Snippets */ = {
			isa = PBXGroup;
			children = (
				8963B3292FA5BF5E000B8140 /* SnippetsApp.swift */,
				8963B35B2FA5BF60000B8140 /* JournalCoverView.swift */,
				8963B3552FA5BF60000B8140 /* WelcomeView.swift */,
				8963B35D2FA5BF60000B8140 /* PageLayout.swift */,
				8963B3612FA5BF60000B8140 /* CanvasBookView.swift */,
				8963B3682FA5BF60000B8140 /* GalleryView.swift */,
				8963B35F2FA5BF60000B8140 /* JournalPaperStyle.swift */,
				8963B32D2FA5BF60000B8140 /* Assets.xcassets */,
				8963B32F2FA5BF60000B8140 /* Snippets.entitlements */,
				8963B3302FA5BF60000B8140 /* Preview Content */,
			);
			path = Snippets;
			sourceTree = "<group>";
		};
		8963B3302FA5BF60000B8140 /* Preview Content */ = {
			isa = PBXGroup;
			children = (
				8963B3312FA5BF60000B8140 /* Preview Assets.xcassets */,
			);
			path = "Preview Content";
			sourceTree = "<group>";
		};
		8963B33A2FA5BF60000B8140 /* SnippetsTests */ = {
			isa = PBXGroup;
			children = (
				8963B33B2FA5BF60000B8140 /* SnippetsTests.swift */,
			);
			path = SnippetsTests;
			sourceTree = "<group>";
		};
		8963B3442FA5BF60000B8140 /* SnippetsUITests */ = {
			isa = PBXGroup;
			children = (
				8963B3452FA5BF60000B8140 /* SnippetsUITests.swift */,
				8963B3472FA5BF60000B8140 /* SnippetsUITestsLaunchTests.swift */,
			);
			path = SnippetsUITests;
			sourceTree = "<group>";
		};
/* End PBXGroup section */

/* Begin PBXNativeTarget section */
		8963B3252FA5BF5E000B8140 /* Snippets */ = {
			isa = PBXNativeTarget;
			buildConfigurationList = 8963B34B2FA5BF60000B8140 /* Build configuration list for PBXNativeTarget "Snippets" */;
			buildPhases = (
				8963B3222FA5BF5E000B8140 /* Sources */,
				8963B3232FA5BF5E000B8140 /* Frameworks */,
				8963B3242FA5BF5E000B8140 /* Resources */,
			);
			buildRules = (
			);
			dependencies = (
			);
			name = Snippets;
			productName = Snippets;
			productReference = 8963B3262FA5BF5E000B8140 /* Snippets.app */;
			productType = "com.apple.product-type.application";
		};
		8963B3362FA5BF60000B8140 /* SnippetsTests */ = {
			isa = PBXNativeTarget;
			buildConfigurationList = 8963B34E2FA5BF60000B8140 /* Build configuration list for PBXNativeTarget "SnippetsTests" */;
			buildPhases = (
				8963B3332FA5BF60000B8140 /* Sources */,
				8963B3342FA5BF60000B8140 /* Frameworks */,
				8963B3352FA5BF60000B8140 /* Resources */,
			);
			buildRules = (
			);
			dependencies = (
				8963B3392FA5BF60000B8140 /* PBXTargetDependency */,
			);
			name = SnippetsTests;
			productName = SnippetsTests;
			productReference = 8963B3372FA5BF60000B8140 /* SnippetsTests.xctest */;
			productType = "com.apple.product-type.bundle.unit-test";
		};
		8963B3402FA5BF60000B8140 /* SnippetsUITests */ = {
			isa = PBXNativeTarget;
			buildConfigurationList = 8963B3512FA5BF60000B8140 /* Build configuration list for PBXNativeTarget "SnippetsUITests" */;
			buildPhases = (
				8963B33D2FA5BF60000B8140 /* Sources */,
				8963B33E2FA5BF60000B8140 /* Frameworks */,
				8963B33F2FA5BF60000B8140 /* Resources */,
			);
			buildRules = (
			);
			dependencies = (
				8963B3432FA5BF60000B8140 /* PBXTargetDependency */,
			);
			name = SnippetsUITests;
			productName = SnippetsUITests;
			productReference = 8963B3412FA5BF60000B8140 /* SnippetsUITests.xctest */;
			productType = "com.apple.product-type.bundle.ui-testing";
		};
/* End PBXNativeTarget section */

/* Begin PBXProject section */
		8963B31E2FA5BF5E000B8140 /* Project object */ = {
			isa = PBXProject;
			attributes = {
				BuildIndependentTargetsInParallel = 1;
				LastSwiftUpdateCheck = 1540;
				LastUpgradeCheck = 1540;
				TargetAttributes = {
					8963B3252FA5BF5E000B8140 = {
						CreatedOnToolsVersion = 15.4;
					};
					8963B3362FA5BF60000B8140 = {
						CreatedOnToolsVersion = 15.4;
						TestTargetID = 8963B3252FA5BF5E000B8140;
					};
					8963B3402FA5BF60000B8140 = {
						CreatedOnToolsVersion = 15.4;
						TestTargetID = 8963B3252FA5BF5E000B8140;
					};
				};
			};
			buildConfigurationList = 8963B3212FA5BF5E000B8140 /* Build configuration list for PBXProject "Snippets" */;
			compatibilityVersion = "Xcode 14.0";
			developmentRegion = en;
			hasScannedForEncodings = 0;
			knownRegions = (
				en,
				Base,
			);
			mainGroup = 8963B31D2FA5BF5E000B8140;
			productRefGroup = 8963B3272FA5BF5E000B8140 /* Products */;
			projectDirPath = "";
			projectRoot = "";
			targets = (
				8963B3252FA5BF5E000B8140 /* Snippets */,
				8963B3362FA5BF60000B8140 /* SnippetsTests */,
				8963B3402FA5BF60000B8140 /* SnippetsUITests */,
			);
		};
/* End PBXProject section */

/* Begin PBXResourcesBuildPhase section */
		8963B3242FA5BF5E000B8140 /* Resources */ = {
			isa = PBXResourcesBuildPhase;
			buildActionMask = 2147483647;
			files = (
				8963B3322FA5BF60000B8140 /* Preview Assets.xcassets in Resources */,
				8963B32E2FA5BF60000B8140 /* Assets.xcassets in Resources */,
			);
			runOnlyForDeploymentPostprocessing = 0;
		};
		8963B3352FA5BF60000B8140 /* Resources */ = {
			isa = PBXResourcesBuildPhase;
			buildActionMask = 2147483647;
			files = (
			);
			runOnlyForDeploymentPostprocessing = 0;
		};
		8963B33F2FA5BF60000B8140 /* Resources */ = {
			isa = PBXResourcesBuildPhase;
			buildActionMask = 2147483647;
			files = (
			);
			runOnlyForDeploymentPostprocessing = 0;
		};
/* End PBXResourcesBuildPhase section */

/* Begin PBXSourcesBuildPhase section */
		8963B3222FA5BF5E000B8140 /* Sources */ = {
			isa = PBXSourcesBuildPhase;
			buildActionMask = 2147483647;
			files = (
				8963B35A2FA5BF60000B8140 /* JournalCoverView.swift in Sources */,
				8963B3542FA5BF60000B8140 /* WelcomeView.swift in Sources */,
				8963B35C2FA5BF60000B8140 /* PageLayout.swift in Sources */,
				8963B3602FA5BF60000B8140 /* CanvasBookView.swift in Sources */,
				8963B3672FA5BF60000B8140 /* GalleryView.swift in Sources */,
				8963B35E2FA5BF60000B8140 /* JournalPaperStyle.swift in Sources */,
				8963B32A2FA5BF5E000B8140 /* SnippetsApp.swift in Sources */,
			);
			runOnlyForDeploymentPostprocessing = 0;
		};
		8963B3332FA5BF60000B8140 /* Sources */ = {
			isa = PBXSourcesBuildPhase;
			buildActionMask = 2147483647;
			files = (
				8963B33C2FA5BF60000B8140 /* SnippetsTests.swift in Sources */,
			);
			runOnlyForDeploymentPostprocessing = 0;
		};
		8963B33D2FA5BF60000B8140 /* Sources */ = {
			isa = PBXSourcesBuildPhase;
			buildActionMask = 2147483647;
			files = (
				8963B3482FA5BF60000B8140 /* SnippetsUITestsLaunchTests.swift in Sources */,
				8963B3462FA5BF60000B8140 /* SnippetsUITests.swift in Sources */,
			);
			runOnlyForDeploymentPostprocessing = 0;
		};
/* End PBXSourcesBuildPhase section */

/* Begin PBXTargetDependency section */
		8963B3392FA5BF60000B8140 /* PBXTargetDependency */ = {
			isa = PBXTargetDependency;
			target = 8963B3252FA5BF5E000B8140 /* Snippets */;
			targetProxy = 8963B3382FA5BF60000B8140 /* PBXContainerItemProxy */;
		};
		8963B3432FA5BF60000B8140 /* PBXTargetDependency */ = {
			isa = PBXTargetDependency;
			target = 8963B3252FA5BF5E000B8140 /* Snippets */;
			targetProxy = 8963B3422FA5BF60000B8140 /* PBXContainerItemProxy */;
		};
/* End PBXTargetDependency section */

/* Begin XCBuildConfiguration section */
		8963B3492FA5BF60000B8140 /* Debug */ = {
			isa = XCBuildConfiguration;
			buildSettings = {
				ALWAYS_SEARCH_USER_PATHS = NO;
				ASSETCATALOG_COMPILER_GENERATE_SWIFT_ASSET_SYMBOL_EXTENSIONS = YES;
				CLANG_ANALYZER_NONNULL = YES;
				CLANG_ANALYZER_NUMBER_OBJECT_CONVERSION = YES_AGGRESSIVE;
				CLANG_CXX_LANGUAGE_STANDARD = "gnu++20";
				CLANG_ENABLE_MODULES = YES;
				CLANG_ENABLE_OBJC_ARC = YES;
				CLANG_ENABLE_OBJC_WEAK = YES;
				CLANG_WARN_BLOCK_CAPTURE_AUTORELEASING = YES;
				CLANG_WARN_BOOL_CONVERSION = YES;
				CLANG_WARN_COMMA = YES;
				CLANG_WARN_CONSTANT_CONVERSION = YES;
				CLANG_WARN_DEPRECATED_OBJC_IMPLEMENTATIONS = YES;
				CLANG_WARN_DIRECT_OBJC_ISA_USAGE = YES_ERROR;
				CLANG_WARN_DOCUMENTATION_COMMENTS = YES;
				CLANG_WARN_EMPTY_BODY = YES;
				CLANG_WARN_ENUM_CONVERSION = YES;
				CLANG_WARN_INFINITE_RECURSION = YES;
				CLANG_WARN_INT_CONVERSION = YES;
				CLANG_WARN_NON_LITERAL_NULL_CONVERSION = YES;
				CLANG_WARN_OBJC_IMPLICIT_RETAIN_SELF = YES;
				CLANG_WARN_OBJC_LITERAL_CONVERSION = YES;
				CLANG_WARN_OBJC_ROOT_CLASS = YES_ERROR;
				CLANG_WARN_QUOTED_INCLUDE_IN_FRAMEWORK_HEADER = YES;
				CLANG_WARN_RANGE_LOOP_ANALYSIS = YES;
				CLANG_WARN_STRICT_PROTOTYPES = YES;
				CLANG_WARN_SUSPICIOUS_MOVE = YES;
				CLANG_WARN_UNGUARDED_AVAILABILITY = YES_AGGRESSIVE;
				CLANG_WARN_UNREACHABLE_CODE = YES;
				CLANG_WARN__DUPLICATE_METHOD_MATCH = YES;
				COPY_PHASE_STRIP = NO;
				DEBUG_INFORMATION_FORMAT = dwarf;
				ENABLE_STRICT_OBJC_MSGSEND = YES;
				ENABLE_TESTABILITY = YES;
				ENABLE_USER_SCRIPT_SANDBOXING = YES;
				GCC_C_LANGUAGE_STANDARD = gnu17;
				GCC_DYNAMIC_NO_PIC = NO;
				GCC_NO_COMMON_BLOCKS = YES;
				GCC_OPTIMIZATION_LEVEL = 0;
				GCC_PREPROCESSOR_DEFINITIONS = (
					"DEBUG=1",
					"$(inherited)",
				);
				GCC_WARN_64_TO_32_BIT_CONVERSION = YES;
				GCC_WARN_ABOUT_RETURN_TYPE = YES_ERROR;
				GCC_WARN_UNDECLARED_SELECTOR = YES;
				GCC_WARN_UNINITIALIZED_AUTOS = YES_AGGRESSIVE;
				GCC_WARN_UNUSED_FUNCTION = YES;
				GCC_WARN_UNUSED_VARIABLE = YES;
				LOCALIZATION_PREFERS_STRING_CATALOGS = YES;
				MTL_ENABLE_DEBUG_INFO = INCLUDE_SOURCE;
				MTL_FAST_MATH = YES;
				ONLY_ACTIVE_ARCH = YES;
				SWIFT_ACTIVE_COMPILATION_CONDITIONS = "DEBUG $(inherited)";
				SWIFT_OPTIMIZATION_LEVEL = "-Onone";
			};
			name = Debug;
		};
		8963B34A2FA5BF60000B8140 /* Release */ = {
			isa = XCBuildConfiguration;
			buildSettings = {
				ALWAYS_SEARCH_USER_PATHS = NO;
				ASSETCATALOG_COMPILER_GENERATE_SWIFT_ASSET_SYMBOL_EXTENSIONS = YES;
				CLANG_ANALYZER_NONNULL = YES;
				CLANG_ANALYZER_NUMBER_OBJECT_CONVERSION = YES_AGGRESSIVE;
				CLANG_CXX_LANGUAGE_STANDARD = "gnu++20";
				CLANG_ENABLE_MODULES = YES;
				CLANG_ENABLE_OBJC_ARC = YES;
				CLANG_ENABLE_OBJC_WEAK = YES;
				CLANG_WARN_BLOCK_CAPTURE_AUTORELEASING = YES;
				CLANG_WARN_BOOL_CONVERSION = YES;
				CLANG_WARN_COMMA = YES;
				CLANG_WARN_CONSTANT_CONVERSION = YES;
				CLANG_WARN_DEPRECATED_OBJC_IMPLEMENTATIONS = YES;
				CLANG_WARN_DIRECT_OBJC_ISA_USAGE = YES_ERROR;
				CLANG_WARN_DOCUMENTATION_COMMENTS = YES;
				CLANG_WARN_EMPTY_BODY = YES;
				CLANG_WARN_ENUM_CONVERSION = YES;
				CLANG_WARN_INFINITE_RECURSION = YES;
				CLANG_WARN_INT_CONVERSION = YES;
				CLANG_WARN_NON_LITERAL_NULL_CONVERSION = YES;
				CLANG_WARN_OBJC_IMPLICIT_RETAIN_SELF = YES;
				CLANG_WARN_OBJC_LITERAL_CONVERSION = YES;
				CLANG_WARN_OBJC_ROOT_CLASS = YES_ERROR;
				CLANG_WARN_QUOTED_INCLUDE_IN_FRAMEWORK_HEADER = YES;
				CLANG_WARN_RANGE_LOOP_ANALYSIS = YES;
				CLANG_WARN_STRICT_PROTOTYPES = YES;
				CLANG_WARN_SUSPICIOUS_MOVE = YES;
				CLANG_WARN_UNGUARDED_AVAILABILITY = YES_AGGRESSIVE;
				CLANG_WARN_UNREACHABLE_CODE = YES;
				CLANG_WARN__DUPLICATE_METHOD_MATCH = YES;
				COPY_PHASE_STRIP = NO;
				DEBUG_INFORMATION_FORMAT = "dwarf-with-dsym";
				ENABLE_NS_ASSERTIONS = NO;
				ENABLE_STRICT_OBJC_MSGSEND = YES;
				ENABLE_USER_SCRIPT_SANDBOXING = YES;
				GCC_C_LANGUAGE_STANDARD = gnu17;
				GCC_NO_COMMON_BLOCKS = YES;
				GCC_WARN_64_TO_32_BIT_CONVERSION = YES;
				GCC_WARN_ABOUT_RETURN_TYPE = YES_ERROR;
				GCC_WARN_UNDECLARED_SELECTOR = YES;
				GCC_WARN_UNINITIALIZED_AUTOS = YES_AGGRESSIVE;
				GCC_WARN_UNUSED_FUNCTION = YES;
				GCC_WARN_UNUSED_VARIABLE = YES;
				LOCALIZATION_PREFERS_STRING_CATALOGS = YES;
				MTL_ENABLE_DEBUG_INFO = NO;
				MTL_FAST_MATH = YES;
				SWIFT_COMPILATION_MODE = wholemodule;
			};
			name = Release;
		};
		8963B34C2FA5BF60000B8140 /* Debug */ = {
			isa = XCBuildConfiguration;
			buildSettings = {
				ASSETCATALOG_COMPILER_APPICON_NAME = AppIcon;
				ASSETCATALOG_COMPILER_GLOBAL_ACCENT_COLOR_NAME = AccentColor;
				CODE_SIGN_ENTITLEMENTS = Snippets/Snippets.entitlements;
				CODE_SIGN_STYLE = Automatic;
				CURRENT_PROJECT_VERSION = 1;
				DEVELOPMENT_ASSET_PATHS = "\"Snippets/Preview Content\"";
				ENABLE_PREVIEWS = YES;
				GENERATE_INFOPLIST_FILE = YES;
				"INFOPLIST_KEY_UIApplicationSceneManifest_Generation[sdk=iphoneos*]" = YES;
				"INFOPLIST_KEY_UIApplicationSceneManifest_Generation[sdk=iphonesimulator*]" = YES;
				"INFOPLIST_KEY_UIApplicationSupportsIndirectInputEvents[sdk=iphoneos*]" = YES;
				"INFOPLIST_KEY_UIApplicationSupportsIndirectInputEvents[sdk=iphonesimulator*]" = YES;
				"INFOPLIST_KEY_UILaunchScreen_Generation[sdk=iphoneos*]" = YES;
				"INFOPLIST_KEY_UILaunchScreen_Generation[sdk=iphonesimulator*]" = YES;
				"INFOPLIST_KEY_UIStatusBarStyle[sdk=iphoneos*]" = UIStatusBarStyleDefault;
				"INFOPLIST_KEY_UIStatusBarStyle[sdk=iphonesimulator*]" = UIStatusBarStyleDefault;
				INFOPLIST_KEY_UISupportedInterfaceOrientations_iPad = "UIInterfaceOrientationPortrait UIInterfaceOrientationPortraitUpsideDown UIInterfaceOrientationLandscapeLeft UIInterfaceOrientationLandscapeRight";
				INFOPLIST_KEY_UISupportedInterfaceOrientations_iPhone = "UIInterfaceOrientationPortrait UIInterfaceOrientationLandscapeLeft UIInterfaceOrientationLandscapeRight";
				IPHONEOS_DEPLOYMENT_TARGET = 17.5;
				LD_RUNPATH_SEARCH_PATHS = "@executable_path/Frameworks";
				"LD_RUNPATH_SEARCH_PATHS[sdk=macosx*]" = "@executable_path/../Frameworks";
				MACOSX_DEPLOYMENT_TARGET = 14.5;
				MARKETING_VERSION = 1.0;
				PRODUCT_BUNDLE_IDENTIFIER = com.PC.Snippets;
				PRODUCT_NAME = "$(TARGET_NAME)";
				SDKROOT = auto;
				SUPPORTED_PLATFORMS = "iphoneos iphonesimulator macosx";
				SWIFT_EMIT_LOC_STRINGS = YES;
				SWIFT_VERSION = 5.0;
				TARGETED_DEVICE_FAMILY = "1,2";
			};
			name = Debug;
		};
		8963B34D2FA5BF60000B8140 /* Release */ = {
			isa = XCBuildConfiguration;
			buildSettings = {
				ASSETCATALOG_COMPILER_APPICON_NAME = AppIcon;
				ASSETCATALOG_COMPILER_GLOBAL_ACCENT_COLOR_NAME = AccentColor;
				CODE_SIGN_ENTITLEMENTS = Snippets/Snippets.entitlements;
				CODE_SIGN_STYLE = Automatic;
				CURRENT_PROJECT_VERSION = 1;
				DEVELOPMENT_ASSET_PATHS = "\"Snippets/Preview Content\"";
				ENABLE_PREVIEWS = YES;
				GENERATE_INFOPLIST_FILE = YES;
				"INFOPLIST_KEY_UIApplicationSceneManifest_Generation[sdk=iphoneos*]" = YES;
				"INFOPLIST_KEY_UIApplicationSceneManifest_Generation[sdk=iphonesimulator*]" = YES;
				"INFOPLIST_KEY_UIApplicationSupportsIndirectInputEvents[sdk=iphoneos*]" = YES;
				"INFOPLIST_KEY_UIApplicationSupportsIndirectInputEvents[sdk=iphonesimulator*]" = YES;
				"INFOPLIST_KEY_UILaunchScreen_Generation[sdk=iphoneos*]" = YES;
				"INFOPLIST_KEY_UILaunchScreen_Generation[sdk=iphonesimulator*]" = YES;
				"INFOPLIST_KEY_UIStatusBarStyle[sdk=iphoneos*]" = UIStatusBarStyleDefault;
				"INFOPLIST_KEY_UIStatusBarStyle[sdk=iphonesimulator*]" = UIStatusBarStyleDefault;
				INFOPLIST_KEY_UISupportedInterfaceOrientations_iPad = "UIInterfaceOrientationPortrait UIInterfaceOrientationPortraitUpsideDown UIInterfaceOrientationLandscapeLeft UIInterfaceOrientationLandscapeRight";
				INFOPLIST_KEY_UISupportedInterfaceOrientations_iPhone = "UIInterfaceOrientationPortrait UIInterfaceOrientationLandscapeLeft UIInterfaceOrientationLandscapeRight";
				IPHONEOS_DEPLOYMENT_TARGET = 17.5;
				LD_RUNPATH_SEARCH_PATHS = "@executable_path/Frameworks";
				"LD_RUNPATH_SEARCH_PATHS[sdk=macosx*]" = "@executable_path/../Frameworks";
				MACOSX_DEPLOYMENT_TARGET = 14.5;
				MARKETING_VERSION = 1.0;
				PRODUCT_BUNDLE_IDENTIFIER = com.PC.Snippets;
				PRODUCT_NAME = "$(TARGET_NAME)";
				SDKROOT = auto;
				SUPPORTED_PLATFORMS = "iphoneos iphonesimulator macosx";
				SWIFT_EMIT_LOC_STRINGS = YES;
				SWIFT_VERSION = 5.0;
				TARGETED_DEVICE_FAMILY = "1,2";
			};
			name = Release;
		};
		8963B34F2FA5BF60000B8140 /* Debug */ = {
			isa = XCBuildConfiguration;
			buildSettings = {
				ALWAYS_EMBED_SWIFT_STANDARD_LIBRARIES = YES;
				BUNDLE_LOADER = "$(TEST_HOST)";
				CODE_SIGN_STYLE = Automatic;
				CURRENT_PROJECT_VERSION = 1;
				GENERATE_INFOPLIST_FILE = YES;
				IPHONEOS_DEPLOYMENT_TARGET = 17.5;
				MACOSX_DEPLOYMENT_TARGET = 14.5;
				MARKETING_VERSION = 1.0;
				PRODUCT_BUNDLE_IDENTIFIER = com.PC.SnippetsTests;
				PRODUCT_NAME = "$(TARGET_NAME)";
				SDKROOT = auto;
				SUPPORTED_PLATFORMS = "iphoneos iphonesimulator macosx";
				SWIFT_EMIT_LOC_STRINGS = NO;
				SWIFT_VERSION = 5.0;
				TARGETED_DEVICE_FAMILY = "1,2";
				TEST_HOST = "$(BUILT_PRODUCTS_DIR)/Snippets.app/$(BUNDLE_EXECUTABLE_FOLDER_PATH)/Snippets";
			};
			name = Debug;
		};
		8963B3502FA5BF60000B8140 /* Release */ = {
			isa = XCBuildConfiguration;
			buildSettings = {
				ALWAYS_EMBED_SWIFT_STANDARD_LIBRARIES = YES;
				BUNDLE_LOADER = "$(TEST_HOST)";
				CODE_SIGN_STYLE = Automatic;
				CURRENT_PROJECT_VERSION = 1;
				GENERATE_INFOPLIST_FILE = YES;
				IPHONEOS_DEPLOYMENT_TARGET = 17.5;
				MACOSX_DEPLOYMENT_TARGET = 14.5;
				MARKETING_VERSION = 1.0;
				PRODUCT_BUNDLE_IDENTIFIER = com.PC.SnippetsTests;
				PRODUCT_NAME = "$(TARGET_NAME)";
				SDKROOT = auto;
				SUPPORTED_PLATFORMS = "iphoneos iphonesimulator macosx";
				SWIFT_EMIT_LOC_STRINGS = NO;
				SWIFT_VERSION = 5.0;
				TARGETED_DEVICE_FAMILY = "1,2";
				TEST_HOST = "$(BUILT_PRODUCTS_DIR)/Snippets.app/$(BUNDLE_EXECUTABLE_FOLDER_PATH)/Snippets";
			};
			name = Release;
		};
		8963B3522FA5BF60000B8140 /* Debug */ = {
			isa = XCBuildConfiguration;
			buildSettings = {
				ALWAYS_EMBED_SWIFT_STANDARD_LIBRARIES = YES;
				CODE_SIGN_STYLE = Automatic;
				CURRENT_PROJECT_VERSION = 1;
				GENERATE_INFOPLIST_FILE = YES;
				IPHONEOS_DEPLOYMENT_TARGET = 17.5;
				MACOSX_DEPLOYMENT_TARGET = 14.5;
				MARKETING_VERSION = 1.0;
				PRODUCT_BUNDLE_IDENTIFIER = com.PC.SnippetsUITests;
				PRODUCT_NAME = "$(TARGET_NAME)";
				SDKROOT = auto;
				SUPPORTED_PLATFORMS = "iphoneos iphonesimulator macosx";
				SWIFT_EMIT_LOC_STRINGS = NO;
				SWIFT_VERSION = 5.0;
				TARGETED_DEVICE_FAMILY = "1,2";
				TEST_TARGET_NAME = Snippets;
			};
			name = Debug;
		};
		8963B3532FA5BF60000B8140 /* Release */ = {
			isa = XCBuildConfiguration;
			buildSettings = {
				ALWAYS_EMBED_SWIFT_STANDARD_LIBRARIES = YES;
				CODE_SIGN_STYLE = Automatic;
				CURRENT_PROJECT_VERSION = 1;
				GENERATE_INFOPLIST_FILE = YES;
				IPHONEOS_DEPLOYMENT_TARGET = 17.5;
				MACOSX_DEPLOYMENT_TARGET = 14.5;
				MARKETING_VERSION = 1.0;
				PRODUCT_BUNDLE_IDENTIFIER = com.PC.SnippetsUITests;
				PRODUCT_NAME = "$(TARGET_NAME)";
				SDKROOT = auto;
				SUPPORTED_PLATFORMS = "iphoneos iphonesimulator macosx";
				SWIFT_EMIT_LOC_STRINGS = NO;
				SWIFT_VERSION = 5.0;
				TARGETED_DEVICE_FAMILY = "1,2";
				TEST_TARGET_NAME = Snippets;
			};
			name = Release;
		};
/* End XCBuildConfiguration section */

/* Begin XCConfigurationList section */
		8963B3212FA5BF5E000B8140 /* Build configuration list for PBXProject "Snippets" */ = {
			isa = XCConfigurationList;
			buildConfigurations = (
				8963B3492FA5BF60000B8140 /* Debug */,
				8963B34A2FA5BF60000B8140 /* Release */,
			);
			defaultConfigurationIsVisible = 0;
			defaultConfigurationName = Release;
		};
		8963B34B2FA5BF60000B8140 /* Build configuration list for PBXNativeTarget "Snippets" */ = {
			isa = XCConfigurationList;
			buildConfigurations = (
				8963B34C2FA5BF60000B8140 /* Debug */,
				8963B34D2FA5BF60000B8140 /* Release */,
			);
			defaultConfigurationIsVisible = 0;
			defaultConfigurationName = Release;
		};
		8963B34E2FA5BF60000B8140 /* Build configuration list for PBXNativeTarget "SnippetsTests" */ = {
			isa = XCConfigurationList;
			buildConfigurations = (
				8963B34F2FA5BF60000B8140 /* Debug */,
				8963B3502FA5BF60000B8140 /* Release */,
			);
			defaultConfigurationIsVisible = 0;
			defaultConfigurationName = Release;
		};
		8963B3512FA5BF60000B8140 /* Build configuration list for PBXNativeTarget "SnippetsUITests" */ = {
			isa = XCConfigurationList;
			buildConfigurations = (
				8963B3522FA5BF60000B8140 /* Debug */,
				8963B3532FA5BF60000B8140 /* Release */,
			);
			defaultConfigurationIsVisible = 0;
			defaultConfigurationName = Release;
		};
/* End XCConfigurationList section */
	};
	rootObject = 8963B31E2FA5BF5E000B8140 /* Project object */;
}
